
Microsoft Visual Studio Solution File, Format Version 12.00
# Visual Studio Version 17
VisualStudioVersion = 17.11.35208.52
MinimumVisualStudioVersion = 10.0.40219.1
Project("{FAE04EC0-301F-11D3-BF4B-00C04F79EFBC}") = "URHome", "URHome\URHome.csproj", "{0BDE298E-851D-4CB9-AF6E-A64DEA25AB1A}"
EndProject
Global
	GlobalSection(SolutionConfigurationPlatforms) = preSolution
		Debug|Any CPU = Debug|Any CPU
		Release|Any CPU = Release|Any CPU
	EndGlobalSection
	GlobalSection(ProjectConfigurationPlatforms) = postSolution
		{0BDE298E-851D-4CB9-AF6E-A64DEA25AB1A}.Debug|Any CPU.ActiveCfg = Debug|Any CPU
		{0BDE298E-851D-4CB9-AF6E-A64DEA25AB1A}.Debug|Any CPU.Build.0 = Debug|Any CPU
		{0BDE298E-851D-4CB9-AF6E-A64DEA25AB1A}.Release|Any CPU.ActiveCfg = Release|Any CPU
		{0BDE298E-851D-4CB9-AF6E-A64DEA25AB1A}.Release|Any CPU.Build.0 = Release|Any CPU
	EndGlobalSection
	GlobalSection(SolutionProperties) = preSolution
		HideSolutionNode = FALSE
	EndGlobalSection
	GlobalSection(ExtensibilityGlobals) = postSolution
		SolutionGuid = {F0199A47-3548-484A-AF5E-730F1C7EE36E}
	EndGlobalSection
EndGlobal
